
Microsoft Visual Studio Solution File, Format Version 12.00
# Visual Studio Version 16
VisualStudioVersion = 16.0.30320.27
MinimumVisualStudioVersion = 10.0.40219.1
Project("{FAE04EC0-301F-11D3-BF4B-00C04F79EFBC}") = "BankApplication", "BankApplication\BankApplication.csproj", "{1A52621B-A5F7-414A-A15F-6129BCE1245B}"
EndProject
Global
	GlobalSection(SolutionConfigurationPlatforms) = preSolution
		Debug|Any CPU = Debug|Any CPU
		Release|Any CPU = Release|Any CPU
	EndGlobalSection
	GlobalSection(ProjectConfigurationPlatforms) = postSolution
		{1A52621B-A5F7-414A-A15F-6129BCE1245B}.Debug|Any CPU.ActiveCfg = Debug|Any CPU
		{1A52621B-A5F7-414A-A15F-6129BCE1245B}.Debug|Any CPU.Build.0 = Debug|Any CPU
		{1A52621B-A5F7-414A-A15F-6129BCE1245B}.Release|Any CPU.ActiveCfg = Release|Any CPU
		{1A52621B-A5F7-414A-A15F-6129BCE1245B}.Release|Any CPU.Build.0 = Release|Any CPU
	EndGlobalSection
	GlobalSection(SolutionProperties) = preSolution
		HideSolutionNode = FALSE
	EndGlobalSection
	GlobalSection(ExtensibilityGlobals) = postSolution
		SolutionGuid = {0F8BCFDD-61FE-47EA-A175-C590C8F1DDB2}
	EndGlobalSection
EndGlobal
